// !$*UTF8*$!
{
	archiveVersion = 1;
	classes = {
	};
	objectVersion = 55;
	objects = {

/* Begin PBXBuildFile section */
		9A3DE839289856FB00AEA325 /* ToDoTableTableViewController.swift in Sources */ = {isa = PBXBuildFile; fileRef = 9A3DE838289856FB00AEA325 /* ToDoTableTableViewController.swift */; };
		9A3DE83B2898571E00AEA325 /* ToDo.swift in Sources */ = {isa = PBXBuildFile; fileRef = 9A3DE83A2898571E00AEA325 /* ToDo.swift */; };
		9A537CF52898550C009D245F /* AppDelegate.swift in Sources */ = {isa = PBXBuildFile; fileRef = 9A537CF42898550C009D245F /* AppDelegate.swift */; };
		9A537CF72898550C009D245F /* SceneDelegate.swift in Sources */ = {isa = PBXBuildFile; fileRef = 9A537CF62898550C009D245F /* SceneDelegate.swift */; };
		9A537CFC2898550C009D245F /* Main.storyboard in Resources */ = {isa = PBXBuildFile; fileRef = 9A537CFA2898550C009D245F /* Main.storyboard */; };
		9A537CFF2898550C009D245F /* toDoList.xcdatamodeld in Sources */ = {isa = PBXBuildFile; fileRef = 9A537CFD2898550C009D245F /* toDoList.xcdatamodeld */; };
		9A537D012898550E009D245F /* Assets.xcassets in Resources */ = {isa = PBXBuildFile; fileRef = 9A537D002898550E009D245F /* Assets.xcassets */; };
		9A537D042898550E009D245F /* LaunchScreen.storyboard in Resources */ = {isa = PBXBuildFile; fileRef = 9A537D022898550E009D245F /* LaunchScreen.storyboard */; };
		9A537D0F2898550E009D245F /* toDoListTests.swift in Sources */ = {isa = PBXBuildFile; fileRef = 9A537D0E2898550E009D245F /* toDoListTests.swift */; };
		9A537D192898550E009D245F /* toDoListUITests.swift in Sources */ = {isa = PBXBuildFile; fileRef = 9A537D182898550E009D245F /* toDoListUITests.swift */; };
		9A537D1B2898550E009D245F /* toDoListUITestsLaunchTests.swift in Sources */ = {isa = PBXBuildFile; fileRef = 9A537D1A2898550E009D245F /* toDoListUITestsLaunchTests.swift */; };
		9AE8248F28988C4900F5E77B /* AddToDoViewController.swift in Sources */ = {isa = PBXBuildFile; fileRef = 9AE8248E28988C4900F5E77B /* AddToDoViewController.swift */; };
		9AE824912898903900F5E77B /* CompleteToDoViewController.swift in Sources */ = {isa = PBXBuildFile; fileRef = 9AE824902898903900F5E77B /* CompleteToDoViewController.swift */; };
/* End PBXBuildFile section */

/* Begin PBXContainerItemProxy section */
		9A537D0B2898550E009D245F /* PBXContainerItemProxy */ = {
			isa = PBXContainerItemProxy;
			containerPortal = 9A537CE92898550C009D245F /* Project object */;
			proxyType = 1;
			remoteGlobalIDString = 9A537CF02898550C009D245F;
			remoteInfo = toDoList;
		};
		9A537D152898550E009D245F /* PBXContainerItemProxy */ = {
			isa = PBXContainerItemProxy;
			containerPortal = 9A537CE92898550C009D245F /* Project object */;
			proxyType = 1;
			remoteGlobalIDString = 9A537CF02898550C009D245F;
			remoteInfo = toDoList;
		};
/* End PBXContainerItemProxy section */

/* Begin PBXFileReference section */
		9A3DE838289856FB00AEA325 /* ToDoTableTableViewController.swift */ = {isa = PBXFileReference; lastKnownFileType = sourcecode.swift; path = ToDoTableTableViewController.swift; sourceTree = "<group>"; };
		9A3DE83A2898571E00AEA325 /* ToDo.swift */ = {isa = PBXFileReference; lastKnownFileType = sourcecode.swift; path = ToDo.swift; sourceTree = "<group>"; };
		9A537CF12898550C009D245F /* toDoList.app */ = {isa = PBXFileReference; explicitFileType = wrapper.application; includeInIndex = 0; path = toDoList.app; sourceTree = BUILT_PRODUCTS_DIR; };
		9A537CF42898550C009D245F /* AppDelegate.swift */ = {isa = PBXFileReference; lastKnownFileType = sourcecode.swift; path = AppDelegate.swift; sourceTree = "<group>"; };
		9A537CF62898550C009D245F /* SceneDelegate.swift */ = {isa = PBXFileReference; lastKnownFileType = sourcecode.swift; path = SceneDelegate.swift; sourceTree = "<group>"; };
		9A537CFB2898550C009D245F /* Base */ = {isa = PBXFileReference; lastKnownFileType = file.storyboard; name = Base; path = Base.lproj/Main.storyboard; sourceTree = "<group>"; };
		9A537CFE2898550C009D245F /* toDoList.xcdatamodel */ = {isa = PBXFileReference; lastKnownFileType = wrapper.xcdatamodel; path = toDoList.xcdatamodel; sourceTree = "<group>"; };
		9A537D002898550E009D245F /* Assets.xcassets */ = {isa = PBXFileReference; lastKnownFileType = folder.assetcatalog; path = Assets.xcassets; sourceTree = "<group>"; };
		9A537D032898550E009D245F /* Base */ = {isa = PBXFileReference; lastKnownFileType = file.storyboard; name = Base; path = Base.lproj/LaunchScreen.storyboard; sourceTree = "<group>"; };
		9A537D052898550E009D245F /* Info.plist */ = {isa = PBXFileReference; lastKnownFileType = text.plist.xml; path = Info.plist; sourceTree = "<group>"; };
		9A537D0A2898550E009D245F /* toDoListTests.xctest */ = {isa = PBXFileReference; explicitFileType = wrapper.cfbundle; includeInIndex = 0; path = toDoListTests.xctest; sourceTree = BUILT_PRODUCTS_DIR; };
		9A537D0E2898550E009D245F /* toDoListTests.swift */ = {isa = PBXFileReference; lastKnownFileType = sourcecode.swift; path = toDoListTests.swift; sourceTree = "<group>"; };
		9A537D142898550E009D245F /* toDoListUITests.xctest */ = {isa = PBXFileReference; explicitFileType = wrapper.cfbundle; includeInIndex = 0; path = toDoListUITests.xctest; sourceTree = BUILT_PRODUCTS_DIR; };
		9A537D182898550E009D245F /* toDoListUITests.swift */ = {isa = PBXFileReference; lastKnownFileType = sourcecode.swift; path = toDoListUITests.swift; sourceTree = "<group>"; };
		9A537D1A2898550E009D245F /* toDoListUITestsLaunchTests.swift */ = {isa = PBXFileReference; lastKnownFileType = sourcecode.swift; path = toDoListUITestsLaunchTests.swift; sourceTree = "<group>"; };
		9AE8248E28988C4900F5E77B /* AddToDoViewController.swift */ = {isa = PBXFileReference; lastKnownFileType = sourcecode.swift; path = AddToDoViewController.swift; sourceTree = "<group>"; };
		9AE824902898903900F5E77B /* CompleteToDoViewController.swift */ = {isa = PBXFileReference; lastKnownFileType = sourcecode.swift; path = CompleteToDoViewController.swift; sourceTree = "<group>"; };
/* End PBXFileReference section */

/* Begin PBXFrameworksBuildPhase section */
		9A537CEE2898550C009D245F /* Frameworks */ = {
			isa = PBXFrameworksBuildPhase;
			buildActionMask = 2147483647;
			files = (
			);
			runOnlyForDeploymentPostprocessing = 0;
		};
		9A537D072898550E009D245F /* Frameworks */ = {
			isa = PBXFrameworksBuildPhase;
			buildActionMask = 2147483647;
			files = (
			);
			runOnlyForDeploymentPostprocessing = 0;
		};
		9A537D112898550E009D245F /* Frameworks */ = {
			isa = PBXFrameworksBuildPhase;
			buildActionMask = 2147483647;
			files = (
			);
			runOnlyForDeploymentPostprocessing = 0;
		};
/* End PBXFrameworksBuildPhase section */

/* Begin PBXGroup section */
		9A537CE82898550C009D245F = {
			isa = PBXGroup;
			children = (
				9A537CF32898550C009D245F /* toDoList */,
				9A537D0D2898550E009D245F /* toDoListTests */,
				9A537D172898550E009D245F /* toDoListUITests */,
				9A537CF22898550C009D245F /* Products */,
			);
			sourceTree = "<group>";
		};
		9A537CF22898550C009D245F /* Products */ = {
			isa = PBXGroup;
			children = (
				9A537CF12898550C009D245F /* toDoList.app */,
				9A537D0A2898550E009D245F /* toDoListTests.xctest */,
				9A537D142898550E009D245F /* toDoListUITests.xctest */,
			);
			name = Products;
			sourceTree = "<group>";
		};
		9A537CF32898550C009D245F /* toDoList */ = {
			isa = PBXGroup;
			children = (
				9A537CF42898550C009D245F /* AppDelegate.swift */,
				9A537CF62898550C009D245F /* SceneDelegate.swift */,
				9A537CFA2898550C009D245F /* Main.storyboard */,
				9AE824902898903900F5E77B /* CompleteToDoViewController.swift */,
				9AE8248E28988C4900F5E77B /* AddToDoViewController.swift */,
				9A3DE83A2898571E00AEA325 /* ToDo.swift */,
				9A3DE838289856FB00AEA325 /* ToDoTableTableViewController.swift */,
				9A537D002898550E009D245F /* Assets.xcassets */,
				9A537D022898550E009D245F /* LaunchScreen.storyboard */,
				9A537D052898550E009D245F /* Info.plist */,
				9A537CFD2898550C009D245F /* toDoList.xcdatamodeld */,
			);
			path = toDoList;
			sourceTree = "<group>";
		};
		9A537D0D2898550E009D245F /* toDoListTests */ = {
			isa = PBXGroup;
			children = (
				9A537D0E2898550E009D245F /* toDoListTests.swift */,
			);
			path = toDoListTests;
			sourceTree = "<group>";
		};
		9A537D172898550E009D245F /* toDoListUITests */ = {
			isa = PBXGroup;
			children = (
				9A537D182898550E009D245F /* toDoListUITests.swift */,
				9A537D1A2898550E009D245F /* toDoListUITestsLaunchTests.swift */,
			);
			path = toDoListUITests;
			sourceTree = "<group>";
		};
/* End PBXGroup section */

/* Begin PBXNativeTarget section */
		9A537CF02898550C009D245F /* toDoList */ = {
			isa = PBXNativeTarget;
			buildConfigurationList = 9A537D1E2898550E009D245F /* Build configuration list for PBXNativeTarget "toDoList" */;
			buildPhases = (
				9A537CED2898550C009D245F /* Sources */,
				9A537CEE2898550C009D245F /* Frameworks */,
				9A537CEF2898550C009D245F /* Resources */,
			);
			buildRules = (
			);
			dependencies = (
			);
			name = toDoList;
			productName = toDoList;
			productReference = 9A537CF12898550C009D245F /* toDoList.app */;
			productType = "com.apple.product-type.application";
		};
		9A537D092898550E009D245F /* toDoListTests */ = {
			isa = PBXNativeTarget;
			buildConfigurationList = 9A537D212898550E009D245F /* Build configuration list for PBXNativeTarget "toDoListTests" */;
			buildPhases = (
				9A537D062898550E009D245F /* Sources */,
				9A537D072898550E009D245F /* Frameworks */,
				9A537D082898550E009D245F /* Resources */,
			);
			buildRules = (
			);
			dependencies = (
				9A537D0C2898550E009D245F /* PBXTargetDependency */,
			);
			name = toDoListTests;
			productName = toDoListTests;
			productReference = 9A537D0A2898550E009D245F /* toDoListTests.xctest */;
			productType = "com.apple.product-type.bundle.unit-test";
		};
		9A537D132898550E009D245F /* toDoListUITests */ = {
			isa = PBXNativeTarget;
			buildConfigurationList = 9A537D242898550E009D245F /* Build configuration list for PBXNativeTarget "toDoListUITests" */;
			buildPhases = (
				9A537D102898550E009D245F /* Sources */,
				9A537D112898550E009D245F /* Frameworks */,
				9A537D122898550E009D245F /* Resources */,
			);
			buildRules = (
			);
			dependencies = (
				9A537D162898550E009D245F /* PBXTargetDependency */,
			);
			name = toDoListUITests;
			productName = toDoListUITests;
			productReference = 9A537D142898550E009D245F /* toDoListUITests.xctest */;
			productType = "com.apple.product-type.bundle.ui-testing";
		};
/* End PBXNativeTarget section */

/* Begin PBXProject section */
		9A537CE92898550C009D245F /* Project object */ = {
			isa = PBXProject;
			attributes = {
				BuildIndependentTargetsInParallel = 1;
				LastSwiftUpdateCheck = 1340;
				LastUpgradeCheck = 1340;
				TargetAttributes = {
					9A537CF02898550C009D245F = {
						CreatedOnToolsVersion = 13.4.1;
					};
					9A537D092898550E009D245F = {
						CreatedOnToolsVersion = 13.4.1;
						TestTargetID = 9A537CF02898550C009D245F;
					};
					9A537D132898550E009D245F = {
						CreatedOnToolsVersion = 13.4.1;
						TestTargetID = 9A537CF02898550C009D245F;
					};
				};
			};
			buildConfigurationList = 9A537CEC2898550C009D245F /* Build configuration list for PBXProject "toDoList" */;
			compatibilityVersion = "Xcode 13.0";
			developmentRegion = en;
			hasScannedForEncodings = 0;
			knownRegions = (
				en,
				Base,
			);
			mainGroup = 9A537CE82898550C009D245F;
			productRefGroup = 9A537CF22898550C009D245F /* Products */;
			projectDirPath = "";
			projectRoot = "";
			targets = (
				9A537CF02898550C009D245F /* toDoList */,
				9A537D092898550E009D245F /* toDoListTests */,
				9A537D132898550E009D245F /* toDoListUITests */,
			);
		};
/* End PBXProject section */

/* Begin PBXResourcesBuildPhase section */
		9A537CEF2898550C009D245F /* Resources */ = {
			isa = PBXResourcesBuildPhase;
			buildActionMask = 2147483647;
			files = (
				9A537D042898550E009D245F /* LaunchScreen.storyboard in Resources */,
				9A537D012898550E009D245F /* Assets.xcassets in Resources */,
				9A537CFC2898550C009D245F /* Main.storyboard in Resources */,
			);
			runOnlyForDeploymentPostprocessing = 0;
		};
		9A537D082898550E009D245F /* Resources */ = {
			isa = PBXResourcesBuildPhase;
			buildActionMask = 2147483647;
			files = (
			);
			runOnlyForDeploymentPostprocessing = 0;
		};
		9A537D122898550E009D245F /* Resources */ = {
			isa = PBXResourcesBuildPhase;
			buildActionMask = 2147483647;
			files = (
			);
			runOnlyForDeploymentPostprocessing = 0;
		};
/* End PBXResourcesBuildPhase section */

/* Begin PBXSourcesBuildPhase section */
		9A537CED2898550C009D245F /* Sources */ = {
			isa = PBXSourcesBuildPhase;
			buildActionMask = 2147483647;
			files = (
				9A537CF52898550C009D245F /* AppDelegate.swift in Sources */,
				9A3DE83B2898571E00AEA325 /* ToDo.swift in Sources */,
				9A537CF72898550C009D245F /* SceneDelegate.swift in Sources */,
				9AE824912898903900F5E77B /* CompleteToDoViewController.swift in Sources */,
				9A3DE839289856FB00AEA325 /* ToDoTableTableViewController.swift in Sources */,
				9AE8248F28988C4900F5E77B /* AddToDoViewController.swift in Sources */,
				9A537CFF2898550C009D245F /* toDoList.xcdatamodeld in Sources */,
			);
			runOnlyForDeploymentPostprocessing = 0;
		};
		9A537D062898550E009D245F /* Sources */ = {
			isa = PBXSourcesBuildPhase;
			buildActionMask = 2147483647;
			files = (
				9A537D0F2898550E009D245F /* toDoListTests.swift in Sources */,
			);
			runOnlyForDeploymentPostprocessing = 0;
		};
		9A537D102898550E009D245F /* Sources */ = {
			isa = PBXSourcesBuildPhase;
			buildActionMask = 2147483647;
			files = (
				9A537D1B2898550E009D245F /* toDoListUITestsLaunchTests.swift in Sources */,
				9A537D192898550E009D245F /* toDoListUITests.swift in Sources */,
			);
			runOnlyForDeploymentPostprocessing = 0;
		};
/* End PBXSourcesBuildPhase section */

/* Begin PBXTargetDependency section */
		9A537D0C2898550E009D245F /* PBXTargetDependency */ = {
			isa = PBXTargetDependency;
			target = 9A537CF02898550C009D245F /* toDoList */;
			targetProxy = 9A537D0B2898550E009D245F /* PBXContainerItemProxy */;
		};
		9A537D162898550E009D245F /* PBXTargetDependency */ = {
			isa = PBXTargetDependency;
			target = 9A537CF02898550C009D245F /* toDoList */;
			targetProxy = 9A537D152898550E009D245F /* PBXContainerItemProxy */;
		};
/* End PBXTargetDependency section */

/* Begin PBXVariantGroup section */
		9A537CFA2898550C009D245F /* Main.storyboard */ = {
			isa = PBXVariantGroup;
			children = (
				9A537CFB2898550C009D245F /* Base */,
			);
			name = Main.storyboard;
			sourceTree = "<group>";
		};
		9A537D022898550E009D245F /* LaunchScreen.storyboard */ = {
			isa = PBXVariantGroup;
			children = (
				9A537D032898550E009D245F /* Base */,
			);
			name = LaunchScreen.storyboard;
			sourceTree = "<group>";
		};
/* End PBXVariantGroup section */

/* Begin XCBuildConfiguration section */
		9A537D1C2898550E009D245F /* Debug */ = {
			isa = XCBuildConfiguration;
			buildSettings = {
				ALWAYS_SEARCH_USER_PATHS = NO;
				CLANG_ANALYZER_NONNULL = YES;
				CLANG_ANALYZER_NUMBER_OBJECT_CONVERSION = YES_AGGRESSIVE;
				CLANG_CXX_LANGUAGE_STANDARD = "gnu++17";
				CLANG_ENABLE_MODULES = YES;
				CLANG_ENABLE_OBJC_ARC = YES;
				CLANG_ENABLE_OBJC_WEAK = YES;
				CLANG_WARN_BLOCK_CAPTURE_AUTORELEASING = YES;
				CLANG_WARN_BOOL_CONVERSION = YES;
				CLANG_WARN_COMMA = YES;
				CLANG_WARN_CONSTANT_CONVERSION = YES;
				CLANG_WARN_DEPRECATED_OBJC_IMPLEMENTATIONS = YES;
				CLANG_WARN_DIRECT_OBJC_ISA_USAGE = YES_ERROR;
				CLANG_WARN_DOCUMENTATION_COMMENTS = YES;
				CLANG_WARN_EMPTY_BODY = YES;
				CLANG_WARN_ENUM_CONVERSION = YES;
				CLANG_WARN_INFINITE_RECURSION = YES;
				CLANG_WARN_INT_CONVERSION = YES;
				CLANG_WARN_NON_LITERAL_NULL_CONVERSION = YES;
				CLANG_WARN_OBJC_IMPLICIT_RETAIN_SELF = YES;
				CLANG_WARN_OBJC_LITERAL_CONVERSION = YES;
				CLANG_WARN_OBJC_ROOT_CLASS = YES_ERROR;
				CLANG_WARN_QUOTED_INCLUDE_IN_FRAMEWORK_HEADER = YES;
				CLANG_WARN_RANGE_LOOP_ANALYSIS = YES;
				CLANG_WARN_STRICT_PROTOTYPES = YES;
				CLANG_WARN_SUSPICIOUS_MOVE = YES;
				CLANG_WARN_UNGUARDED_AVAILABILITY = YES_AGGRESSIVE;
				CLANG_WARN_UNREACHABLE_CODE = YES;
				CLANG_WARN__DUPLICATE_METHOD_MATCH = YES;
				COPY_PHASE_STRIP = NO;
				DEBUG_INFORMATION_FORMAT = dwarf;
				ENABLE_STRICT_OBJC_MSGSEND = YES;
				ENABLE_TESTABILITY = YES;
				GCC_C_LANGUAGE_STANDARD = gnu11;
				GCC_DYNAMIC_NO_PIC = NO;
				GCC_NO_COMMON_BLOCKS = YES;
				GCC_OPTIMIZATION_LEVEL = 0;
				GCC_PREPROCESSOR_DEFINITIONS = (
					"DEBUG=1",
					"$(inherited)",
				);
				GCC_WARN_64_TO_32_BIT_CONVERSION = YES;
				GCC_WARN_ABOUT_RETURN_TYPE = YES_ERROR;
				GCC_WARN_UNDECLARED_SELECTOR = YES;
				GCC_WARN_UNINITIALIZED_AUTOS = YES_AGGRESSIVE;
				GCC_WARN_UNUSED_FUNCTION = YES;
				GCC_WARN_UNUSED_VARIABLE = YES;
				IPHONEOS_DEPLOYMENT_TARGET = 15.5;
				MTL_ENABLE_DEBUG_INFO = INCLUDE_SOURCE;
				MTL_FAST_MATH = YES;
				ONLY_ACTIVE_ARCH = YES;
				SDKROOT = iphoneos;
				SWIFT_ACTIVE_COMPILATION_CONDITIONS = DEBUG;
				SWIFT_OPTIMIZATION_LEVEL = "-Onone";
			};
			name = Debug;
		};
		9A537D1D2898550E009D245F /* Release */ = {
			isa = XCBuildConfiguration;
			buildSettings = {
				ALWAYS_SEARCH_USER_PATHS = NO;
				CLANG_ANALYZER_NONNULL = YES;
				CLANG_ANALYZER_NUMBER_OBJECT_CONVERSION = YES_AGGRESSIVE;
				CLANG_CXX_LANGUAGE_STANDARD = "gnu++17";
				CLANG_ENABLE_MODULES = YES;
				CLANG_ENABLE_OBJC_ARC = YES;
				CLANG_ENABLE_OBJC_WEAK = YES;
				CLANG_WARN_BLOCK_CAPTURE_AUTORELEASING = YES;
				CLANG_WARN_BOOL_CONVERSION = YES;
				CLANG_WARN_COMMA = YES;
				CLANG_WARN_CONSTANT_CONVERSION = YES;
				CLANG_WARN_DEPRECATED_OBJC_IMPLEMENTATIONS = YES;
				CLANG_WARN_DIRECT_OBJC_ISA_USAGE = YES_ERROR;
				CLANG_WARN_DOCUMENTATION_COMMENTS = YES;
				CLANG_WARN_EMPTY_BODY = YES;
				CLANG_WARN_ENUM_CONVERSION = YES;
				CLANG_WARN_INFINITE_RECURSION = YES;
				CLANG_WARN_INT_CONVERSION = YES;
				CLANG_WARN_NON_LITERAL_NULL_CONVERSION = YES;
				CLANG_WARN_OBJC_IMPLICIT_RETAIN_SELF = YES;
				CLANG_WARN_OBJC_LITERAL_CONVERSION = YES;
				CLANG_WARN_OBJC_ROOT_CLASS = YES_ERROR;
				CLANG_WARN_QUOTED_INCLUDE_IN_FRAMEWORK_HEADER = YES;
				CLANG_WARN_RANGE_LOOP_ANALYSIS = YES;
				CLANG_WARN_STRICT_PROTOTYPES = YES;
				CLANG_WARN_SUSPICIOUS_MOVE = YES;
				CLANG_WARN_UNGUARDED_AVAILABILITY = YES_AGGRESSIVE;
				CLANG_WARN_UNREACHABLE_CODE = YES;
				CLANG_WARN__DUPLICATE_METHOD_MATCH = YES;
				COPY_PHASE_STRIP = NO;
				DEBUG_INFORMATION_FORMAT = "dwarf-with-dsym";
				ENABLE_NS_ASSERTIONS = NO;
				ENABLE_STRICT_OBJC_MSGSEND = YES;
				GCC_C_LANGUAGE_STANDARD = gnu11;
				GCC_NO_COMMON_BLOCKS = YES;
				GCC_WARN_64_TO_32_BIT_CONVERSION = YES;
				GCC_WARN_ABOUT_RETURN_TYPE = YES_ERROR;
				GCC_WARN_UNDECLARED_SELECTOR = YES;
				GCC_WARN_UNINITIALIZED_AUTOS = YES_AGGRESSIVE;
				GCC_WARN_UNUSED_FUNCTION = YES;
				GCC_WARN_UNUSED_VARIABLE = YES;
				IPHONEOS_DEPLOYMENT_TARGET = 15.5;
				MTL_ENABLE_DEBUG_INFO = NO;
				MTL_FAST_MATH = YES;
				SDKROOT = iphoneos;
				SWIFT_COMPILATION_MODE = wholemodule;
				SWIFT_OPTIMIZATION_LEVEL = "-O";
				VALIDATE_PRODUCT = YES;
			};
			name = Release;
		};
		9A537D1F2898550E009D245F /* Debug */ = {
			isa = XCBuildConfiguration;
			buildSettings = {
				ASSETCATALOG_COMPILER_APPICON_NAME = AppIcon;
				ASSETCATALOG_COMPILER_GLOBAL_ACCENT_COLOR_NAME = AccentColor;
				CODE_SIGN_STYLE = Automatic;
				CURRENT_PROJECT_VERSION = 1;
				GENERATE_INFOPLIST_FILE = YES;
				INFOPLIST_FILE = toDoList/Info.plist;
				INFOPLIST_KEY_UIApplicationSupportsIndirectInputEvents = YES;
				INFOPLIST_KEY_UILaunchStoryboardName = LaunchScreen;
				INFOPLIST_KEY_UIMainStoryboardFile = Main;
				INFOPLIST_KEY_UISupportedInterfaceOrientations_iPad = "UIInterfaceOrientationPortrait UIInterfaceOrientationPortraitUpsideDown UIInterfaceOrientationLandscapeLeft UIInterfaceOrientationLandscapeRight";
				INFOPLIST_KEY_UISupportedInterfaceOrientations_iPhone = "UIInterfaceOrientationPortrait UIInterfaceOrientationLandscapeLeft UIInterfaceOrientationLandscapeRight";
				LD_RUNPATH_SEARCH_PATHS = (
					"$(inherited)",
					"@executable_path/Frameworks",
				);
				MARKETING_VERSION = 1.0;
				PRODUCT_BUNDLE_IDENTIFIER = KWK.toDoList;
				PRODUCT_NAME = "$(TARGET_NAME)";
				SWIFT_EMIT_LOC_STRINGS = YES;
				SWIFT_VERSION = 5.0;
				TARGETED_DEVICE_FAMILY = "1,2";
			};
			name = Debug;
		};
		9A537D202898550E009D245F /* Release */ = {
			isa = XCBuildConfiguration;
			buildSettings = {
				ASSETCATALOG_COMPILER_APPICON_NAME = AppIcon;
				ASSETCATALOG_COMPILER_GLOBAL_ACCENT_COLOR_NAME = AccentColor;
				CODE_SIGN_STYLE = Automatic;
				CURRENT_PROJECT_VERSION = 1;
				GENERATE_INFOPLIST_FILE = YES;
				INFOPLIST_FILE = toDoList/Info.plist;
				INFOPLIST_KEY_UIApplicationSupportsIndirectInputEvents = YES;
				INFOPLIST_KEY_UILaunchStoryboardName = LaunchScreen;
				INFOPLIST_KEY_UIMainStoryboardFile = Main;
				INFOPLIST_KEY_UISupportedInterfaceOrientations_iPad = "UIInterfaceOrientationPortrait UIInterfaceOrientationPortraitUpsideDown UIInterfaceOrientationLandscapeLeft UIInterfaceOrientationLandscapeRight";
				INFOPLIST_KEY_UISupportedInterfaceOrientations_iPhone = "UIInterfaceOrientationPortrait UIInterfaceOrientationLandscapeLeft UIInterfaceOrientationLandscapeRight";
				LD_RUNPATH_SEARCH_PATHS = (
					"$(inherited)",
					"@executable_path/Frameworks",
				);
				MARKETING_VERSION = 1.0;
				PRODUCT_BUNDLE_IDENTIFIER = KWK.toDoList;
				PRODUCT_NAME = "$(TARGET_NAME)";
				SWIFT_EMIT_LOC_STRINGS = YES;
				SWIFT_VERSION = 5.0;
				TARGETED_DEVICE_FAMILY = "1,2";
			};
			name = Release;
		};
		9A537D222898550E009D245F /* Debug */ = {
			isa = XCBuildConfiguration;
			buildSettings = {
				ALWAYS_EMBED_SWIFT_STANDARD_LIBRARIES = YES;
				BUNDLE_LOADER = "$(TEST_HOST)";
				CODE_SIGN_STYLE = Automatic;
				CURRENT_PROJECT_VERSION = 1;
				GENERATE_INFOPLIST_FILE = YES;
				IPHONEOS_DEPLOYMENT_TARGET = 15.5;
				MARKETING_VERSION = 1.0;
				PRODUCT_BUNDLE_IDENTIFIER = KWK.toDoListTests;
				PRODUCT_NAME = "$(TARGET_NAME)";
				SWIFT_EMIT_LOC_STRINGS = NO;
				SWIFT_VERSION = 5.0;
				TARGETED_DEVICE_FAMILY = "1,2";
				TEST_HOST = "$(BUILT_PRODUCTS_DIR)/toDoList.app/toDoList";
			};
			name = Debug;
		};
		9A537D232898550E009D245F /* Release */ = {
			isa = XCBuildConfiguration;
			buildSettings = {
				ALWAYS_EMBED_SWIFT_STANDARD_LIBRARIES = YES;
				BUNDLE_LOADER = "$(TEST_HOST)";
				CODE_SIGN_STYLE = Automatic;
				CURRENT_PROJECT_VERSION = 1;
				GENERATE_INFOPLIST_FILE = YES;
				IPHONEOS_DEPLOYMENT_TARGET = 15.5;
				MARKETING_VERSION = 1.0;
				PRODUCT_BUNDLE_IDENTIFIER = KWK.toDoListTests;
				PRODUCT_NAME = "$(TARGET_NAME)";
				SWIFT_EMIT_LOC_STRINGS = NO;
				SWIFT_VERSION = 5.0;
				TARGETED_DEVICE_FAMILY = "1,2";
				TEST_HOST = "$(BUILT_PRODUCTS_DIR)/toDoList.app/toDoList";
			};
			name = Release;
		};
		9A537D252898550E009D245F /* Debug */ = {
			isa = XCBuildConfiguration;
			buildSettings = {
				ALWAYS_EMBED_SWIFT_STANDARD_LIBRARIES = YES;
				CODE_SIGN_STYLE = Automatic;
				CURRENT_PROJECT_VERSION = 1;
				GENERATE_INFOPLIST_FILE = YES;
				MARKETING_VERSION = 1.0;
				PRODUCT_BUNDLE_IDENTIFIER = KWK.toDoListUITests;
				PRODUCT_NAME = "$(TARGET_NAME)";
				SWIFT_EMIT_LOC_STRINGS = NO;
				SWIFT_VERSION = 5.0;
				TARGETED_DEVICE_FAMILY = "1,2";
				TEST_TARGET_NAME = toDoList;
			};
			name = Debug;
		};
		9A537D262898550E009D245F /* Release */ = {
			isa = XCBuildConfiguration;
			buildSettings = {
				ALWAYS_EMBED_SWIFT_STANDARD_LIBRARIES = YES;
				CODE_SIGN_STYLE = Automatic;
				CURRENT_PROJECT_VERSION = 1;
				GENERATE_INFOPLIST_FILE = YES;
				MARKETING_VERSION = 1.0;
				PRODUCT_BUNDLE_IDENTIFIER = KWK.toDoListUITests;
				PRODUCT_NAME = "$(TARGET_NAME)";
				SWIFT_EMIT_LOC_STRINGS = NO;
				SWIFT_VERSION = 5.0;
				TARGETED_DEVICE_FAMILY = "1,2";
				TEST_TARGET_NAME = toDoList;
			};
			name = Release;
		};
/* End XCBuildConfiguration section */

/* Begin XCConfigurationList section */
		9A537CEC2898550C009D245F /* Build configuration list for PBXProject "toDoList" */ = {
			isa = XCConfigurationList;
			buildConfigurations = (
				9A537D1C2898550E009D245F /* Debug */,
				9A537D1D2898550E009D245F /* Release */,
			);
			defaultConfigurationIsVisible = 0;
			defaultConfigurationName = Release;
		};
		9A537D1E2898550E009D245F /* Build configuration list for PBXNativeTarget "toDoList" */ = {
			isa = XCConfigurationList;
			buildConfigurations = (
				9A537D1F2898550E009D245F /* Debug */,
				9A537D202898550E009D245F /* Release */,
			);
			defaultConfigurationIsVisible = 0;
			defaultConfigurationName = Release;
		};
		9A537D212898550E009D245F /* Build configuration list for PBXNativeTarget "toDoListTests" */ = {
			isa = XCConfigurationList;
			buildConfigurations = (
				9A537D222898550E009D245F /* Debug */,
				9A537D232898550E009D245F /* Release */,
			);
			defaultConfigurationIsVisible = 0;
			defaultConfigurationName = Release;
		};
		9A537D242898550E009D245F /* Build configuration list for PBXNativeTarget "toDoListUITests" */ = {
			isa = XCConfigurationList;
			buildConfigurations = (
				9A537D252898550E009D245F /* Debug */,
				9A537D262898550E009D245F /* Release */,
			);
			defaultConfigurationIsVisible = 0;
			defaultConfigurationName = Release;
		};
/* End XCConfigurationList section */

/* Begin XCVersionGroup section */
		9A537CFD2898550C009D245F /* toDoList.xcdatamodeld */ = {
			isa = XCVersionGroup;
			children = (
				9A537CFE2898550C009D245F /* toDoList.xcdatamodel */,
			);
			currentVersion = 9A537CFE2898550C009D245F /* toDoList.xcdatamodel */;
			path = toDoList.xcdatamodeld;
			sourceTree = "<group>";
			versionGroupType = wrapper.xcdatamodel;
		};
/* End XCVersionGroup section */
	};
	rootObject = 9A537CE92898550C009D245F /* Project object */;
}
